
Microsoft Visual Studio Solution File, Format Version 12.00
# Visual Studio 15
VisualStudioVersion = 15.0.28307.1062
MinimumVisualStudioVersion = 10.0.40219.1
Project("{FAE04EC0-301F-11D3-BF4B-00C04F79EFBC}") = "BlaBlaCarV2", "BlaBlaCarV2\BlaBlaCarV2.csproj", "{EA2906D5-7843-4408-8652-9DE1232073B4}"
EndProject
Global
	GlobalSection(SolutionConfigurationPlatforms) = preSolution
		Debug|Any CPU = Debug|Any CPU
		Release|Any CPU = Release|Any CPU
	EndGlobalSection
	GlobalSection(ProjectConfigurationPlatforms) = postSolution
		{EA2906D5-7843-4408-8652-9DE1232073B4}.Debug|Any CPU.ActiveCfg = Debug|Any CPU
		{EA2906D5-7843-4408-8652-9DE1232073B4}.Debug|Any CPU.Build.0 = Debug|Any CPU
		{EA2906D5-7843-4408-8652-9DE1232073B4}.Release|Any CPU.ActiveCfg = Release|Any CPU
		{EA2906D5-7843-4408-8652-9DE1232073B4}.Release|Any CPU.Build.0 = Release|Any CPU
	EndGlobalSection
	GlobalSection(SolutionProperties) = preSolution
		HideSolutionNode = FALSE
	EndGlobalSection
	GlobalSection(ExtensibilityGlobals) = postSolution
		SolutionGuid = {76BA5A79-3EB6-444B-91B1-232F498859D9}
	EndGlobalSection
EndGlobal
